lockVersion: 2.0.0
id: 2d5dbf5a-62be-411a-9c7b-bc7b6dc79e13
management:
  docChecksum: 5649b2692e9b9f3c1065851a47fbba06
  docVersion: v0.5.0
  speakeasyVersion: 1.398.1
  generationVersion: 2.415.8
  releaseVersion: 0.5.0
  configChecksum: 74c903afbd3de4d466f136bacf3525cd
  repoURL: https://github.com/livepeer/livepeer-ai-python.git
  installationURL: https://github.com/livepeer/livepeer-ai-python.git
  published: true
features:
  python:
    additionalDependencies: 1.0.0
    constsAndDefaults: 1.0.2
    core: 5.5.3
    defaultEnabledRetries: 0.2.0
    envVarSecurityUsage: 0.3.1
    globalSecurity: 3.0.2
    globalSecurityCallbacks: 1.0.0
    globalSecurityFlattening: 1.0.0
    globalServerURLs: 3.0.0
    multipartFileContentType: 1.0.0
    nameOverrides: 3.0.0
    responseFormat: 1.0.0
    retries: 3.0.2
    sdkHooks: 1.0.0
    unions: 3.0.2
    uploadStreams: 1.0.0
generatedFiles:
  - .gitattributes
  - .vscode/settings.json
  - CONTRIBUTING.md
  - USAGE.md
  - docs/models/components/apierror.md
  - docs/models/components/audio.md
  - docs/models/components/bodygenaudiototext.md
  - docs/models/components/bodygenimagetoimage.md
  - docs/models/components/bodygenimagetovideo.md
  - docs/models/components/bodygenimagetovideoimage.md
  - docs/models/components/bodygensegmentanything2.md
  - docs/models/components/bodygensegmentanything2image.md
  - docs/models/components/bodygenupscale.md
  - docs/models/components/bodygenupscaleimage.md
  - docs/models/components/chunk.md
  - docs/models/components/httpmetadata.md
  - docs/models/components/image.md
  - docs/models/components/imageresponse.md
  - docs/models/components/loc.md
  - docs/models/components/masksresponse.md
  - docs/models/components/media.md
  - docs/models/components/security.md
  - docs/models/components/textresponse.md
  - docs/models/components/texttoimageparams.md
  - docs/models/components/validationerror.md
  - docs/models/components/videoresponse.md
  - docs/models/errors/httperror.md
  - docs/models/errors/httpvalidationerror.md
  - docs/models/operations/genaudiototextresponse.md
  - docs/models/operations/genimagetoimageresponse.md
  - docs/models/operations/genimagetovideoresponse.md
  - docs/models/operations/gensegmentanything2response.md
  - docs/models/operations/gentexttoimageresponse.md
  - docs/models/operations/genupscaleresponse.md
  - docs/models/utils/retryconfig.md
  - docs/sdks/generate/README.md
  - docs/sdks/livepeer/README.md
  - poetry.toml
  - py.typed
  - pylintrc
  - pyproject.toml
  - scripts/compile.sh
  - scripts/prepare-readme.py
  - scripts/publish.sh
  - src/livepeer_ai/__init__.py
  - src/livepeer_ai/_hooks/__init__.py
  - src/livepeer_ai/_hooks/sdkhooks.py
  - src/livepeer_ai/_hooks/types.py
  - src/livepeer_ai/basesdk.py
  - src/livepeer_ai/generate.py
  - src/livepeer_ai/httpclient.py
  - src/livepeer_ai/models/components/__init__.py
  - src/livepeer_ai/models/components/apierror.py
  - src/livepeer_ai/models/components/body_genaudiototext.py
  - src/livepeer_ai/models/components/body_genimagetoimage.py
  - src/livepeer_ai/models/components/body_genimagetovideo.py
  - src/livepeer_ai/models/components/body_gensegmentanything2.py
  - src/livepeer_ai/models/components/body_genupscale.py
  - src/livepeer_ai/models/components/chunk.py
  - src/livepeer_ai/models/components/httpmetadata.py
  - src/livepeer_ai/models/components/imageresponse.py
  - src/livepeer_ai/models/components/masksresponse.py
  - src/livepeer_ai/models/components/media.py
  - src/livepeer_ai/models/components/security.py
  - src/livepeer_ai/models/components/textresponse.py
  - src/livepeer_ai/models/components/texttoimageparams.py
  - src/livepeer_ai/models/components/validationerror.py
  - src/livepeer_ai/models/components/videoresponse.py
  - src/livepeer_ai/models/errors/__init__.py
  - src/livepeer_ai/models/errors/httperror.py
  - src/livepeer_ai/models/errors/httpvalidationerror.py
  - src/livepeer_ai/models/errors/sdkerror.py
  - src/livepeer_ai/models/operations/__init__.py
  - src/livepeer_ai/models/operations/genaudiototext.py
  - src/livepeer_ai/models/operations/genimagetoimage.py
  - src/livepeer_ai/models/operations/genimagetovideo.py
  - src/livepeer_ai/models/operations/gensegmentanything2.py
  - src/livepeer_ai/models/operations/gentexttoimage.py
  - src/livepeer_ai/models/operations/genupscale.py
  - src/livepeer_ai/py.typed
  - src/livepeer_ai/sdk.py
  - src/livepeer_ai/sdkconfiguration.py
  - src/livepeer_ai/types/__init__.py
  - src/livepeer_ai/types/basemodel.py
  - src/livepeer_ai/utils/__init__.py
  - src/livepeer_ai/utils/annotations.py
  - src/livepeer_ai/utils/enums.py
  - src/livepeer_ai/utils/eventstreaming.py
  - src/livepeer_ai/utils/forms.py
  - src/livepeer_ai/utils/headers.py
  - src/livepeer_ai/utils/logger.py
  - src/livepeer_ai/utils/metadata.py
  - src/livepeer_ai/utils/queryparams.py
  - src/livepeer_ai/utils/requestbodies.py
  - src/livepeer_ai/utils/retries.py
  - src/livepeer_ai/utils/security.py
  - src/livepeer_ai/utils/serializers.py
  - src/livepeer_ai/utils/url.py
  - src/livepeer_ai/utils/values.py
examples:
  genTextToImage:
    speakeasy-default-gen-text-to-image:
      requestBody:
        application/json: {"prompt": "<value>"}
      responses:
        "200":
          application/json: {"images": []}
        "400":
          application/json: {"detail": {"msg": "<value>"}}
        "422": {}
  genImageToImage:
    speakeasy-default-gen-image-to-image:
      requestBody:
        multipart/form-data: {"prompt": "<value>", "image": {}}
      responses:
        "200":
          application/json: {"images": []}
        "400":
          application/json: {"detail": {"msg": "<value>"}}
        "422": {}
  genImageToVideo:
    speakeasy-default-gen-image-to-video:
      requestBody:
        multipart/form-data: {"image": {}}
      responses:
        "200":
          application/json: {"images": []}
        "400":
          application/json: {"detail": {"msg": "<value>"}}
        "422": {}
  genUpscale:
    speakeasy-default-gen-upscale:
      requestBody:
        multipart/form-data: {"prompt": "<value>", "image": {}}
      responses:
        "200":
          application/json: {"images": []}
        "400":
          application/json: {"detail": {"msg": "<value>"}}
        "422": {}
  genAudioToText:
    speakeasy-default-gen-audio-to-text:
      requestBody:
        multipart/form-data: {"audio": {}}
      responses:
        "200":
          application/json: {"text": "<value>", "chunks": []}
        "400":
          application/json: {"detail": {"msg": "<value>"}}
        "422": {}
  genSegmentAnything2:
    speakeasy-default-gen-segment-anything2:
      requestBody:
        multipart/form-data: {"image": {}}
      responses:
        "200":
          application/json: {"masks": "<value>", "scores": "<value>", "logits": "<value>"}
        "400":
          application/json: {"detail": {"msg": "<value>"}}
        "422": {}
