lockVersion: 2.0.0
id: 2d5dbf5a-62be-411a-9c7b-bc7b6dc79e13
management:
  docChecksum: a690daf53c97c95bb6c912a2c59f804d
  docVersion: 0.0.0
  speakeasyVersion: 1.454.0
  generationVersion: 2.477.0
  releaseVersion: 0.8.0
  configChecksum: 404e2a546fe183c10067017df4896733
  repoURL: https://github.com/livepeer/livepeer-ai-python.git
  installationURL: https://github.com/livepeer/livepeer-ai-python.git
  published: true
features:
  python:
    additionalDependencies: 1.0.0
    constsAndDefaults: 1.0.5
    core: 5.6.11
    defaultEnabledRetries: 0.2.0
    envVarSecurityUsage: 0.3.2
    globalSecurity: 3.0.2
    globalSecurityCallbacks: 1.0.0
    globalSecurityFlattening: 1.0.0
    globalServerURLs: 3.0.0
    multipartFileContentType: 1.0.0
    nameOverrides: 3.0.0
    responseFormat: 1.0.1
    retries: 3.0.2
    sdkHooks: 1.0.0
    unions: 3.0.4
    uploadStreams: 1.0.0
generatedFiles:
  - .gitattributes
  - .python-version
  - .vscode/settings.json
  - CONTRIBUTING.md
  - USAGE.md
  - docs/models/components/apierror.md
  - docs/models/components/audio.md
  - docs/models/components/audioresponse.md
  - docs/models/components/bodygenaudiototext.md
  - docs/models/components/bodygenimagetoimage.md
  - docs/models/components/bodygenimagetotext.md
  - docs/models/components/bodygenimagetotextimage.md
  - docs/models/components/bodygenimagetovideo.md
  - docs/models/components/bodygenimagetovideoimage.md
  - docs/models/components/bodygenllm.md
  - docs/models/components/bodygensegmentanything2.md
  - docs/models/components/bodygensegmentanything2image.md
  - docs/models/components/bodygenupscale.md
  - docs/models/components/bodygenupscaleimage.md
  - docs/models/components/chunk.md
  - docs/models/components/httpmetadata.md
  - docs/models/components/image.md
  - docs/models/components/imageresponse.md
  - docs/models/components/imagetotextresponse.md
  - docs/models/components/livevideotovideoparams.md
  - docs/models/components/livevideotovideoresponse.md
  - docs/models/components/llmresponse.md
  - docs/models/components/loc.md
  - docs/models/components/masksresponse.md
  - docs/models/components/media.md
  - docs/models/components/mediaurl.md
  - docs/models/components/params.md
  - docs/models/components/security.md
  - docs/models/components/textresponse.md
  - docs/models/components/texttoimageparams.md
  - docs/models/components/texttospeechparams.md
  - docs/models/components/validationerror.md
  - docs/models/components/videoresponse.md
  - docs/models/errors/httperror.md
  - docs/models/errors/httpvalidationerror.md
  - docs/models/operations/genaudiototextresponse.md
  - docs/models/operations/genimagetoimageresponse.md
  - docs/models/operations/genimagetotextresponse.md
  - docs/models/operations/genimagetovideoresponse.md
  - docs/models/operations/genlivevideotovideoresponse.md
  - docs/models/operations/genllmresponse.md
  - docs/models/operations/gensegmentanything2response.md
  - docs/models/operations/gentexttoimageresponse.md
  - docs/models/operations/gentexttospeechresponse.md
  - docs/models/operations/genupscaleresponse.md
  - docs/models/utils/retryconfig.md
  - docs/sdks/generate/README.md
  - docs/sdks/livepeer/README.md
  - poetry.toml
  - py.typed
  - pylintrc
  - pyproject.toml
  - scripts/prepare-readme.py
  - scripts/publish.sh
  - src/livepeer_ai/__init__.py
  - src/livepeer_ai/_hooks/__init__.py
  - src/livepeer_ai/_hooks/sdkhooks.py
  - src/livepeer_ai/_hooks/types.py
  - src/livepeer_ai/_version.py
  - src/livepeer_ai/basesdk.py
  - src/livepeer_ai/generate.py
  - src/livepeer_ai/httpclient.py
  - src/livepeer_ai/models/components/__init__.py
  - src/livepeer_ai/models/components/apierror.py
  - src/livepeer_ai/models/components/audioresponse.py
  - src/livepeer_ai/models/components/body_genaudiototext.py
  - src/livepeer_ai/models/components/body_genimagetoimage.py
  - src/livepeer_ai/models/components/body_genimagetotext.py
  - src/livepeer_ai/models/components/body_genimagetovideo.py
  - src/livepeer_ai/models/components/body_genllm.py
  - src/livepeer_ai/models/components/body_gensegmentanything2.py
  - src/livepeer_ai/models/components/body_genupscale.py
  - src/livepeer_ai/models/components/chunk.py
  - src/livepeer_ai/models/components/httpmetadata.py
  - src/livepeer_ai/models/components/imageresponse.py
  - src/livepeer_ai/models/components/imagetotextresponse.py
  - src/livepeer_ai/models/components/livevideotovideoparams.py
  - src/livepeer_ai/models/components/livevideotovideoresponse.py
  - src/livepeer_ai/models/components/llmresponse.py
  - src/livepeer_ai/models/components/masksresponse.py
  - src/livepeer_ai/models/components/media.py
  - src/livepeer_ai/models/components/mediaurl.py
  - src/livepeer_ai/models/components/security.py
  - src/livepeer_ai/models/components/textresponse.py
  - src/livepeer_ai/models/components/texttoimageparams.py
  - src/livepeer_ai/models/components/texttospeechparams.py
  - src/livepeer_ai/models/components/validationerror.py
  - src/livepeer_ai/models/components/videoresponse.py
  - src/livepeer_ai/models/errors/__init__.py
  - src/livepeer_ai/models/errors/httperror.py
  - src/livepeer_ai/models/errors/httpvalidationerror.py
  - src/livepeer_ai/models/errors/sdkerror.py
  - src/livepeer_ai/models/operations/__init__.py
  - src/livepeer_ai/models/operations/genaudiototext.py
  - src/livepeer_ai/models/operations/genimagetoimage.py
  - src/livepeer_ai/models/operations/genimagetotext.py
  - src/livepeer_ai/models/operations/genimagetovideo.py
  - src/livepeer_ai/models/operations/genlivevideotovideo.py
  - src/livepeer_ai/models/operations/genllm.py
  - src/livepeer_ai/models/operations/gensegmentanything2.py
  - src/livepeer_ai/models/operations/gentexttoimage.py
  - src/livepeer_ai/models/operations/gentexttospeech.py
  - src/livepeer_ai/models/operations/genupscale.py
  - src/livepeer_ai/py.typed
  - src/livepeer_ai/sdk.py
  - src/livepeer_ai/sdkconfiguration.py
  - src/livepeer_ai/types/__init__.py
  - src/livepeer_ai/types/basemodel.py
  - src/livepeer_ai/utils/__init__.py
  - src/livepeer_ai/utils/annotations.py
  - src/livepeer_ai/utils/enums.py
  - src/livepeer_ai/utils/eventstreaming.py
  - src/livepeer_ai/utils/forms.py
  - src/livepeer_ai/utils/headers.py
  - src/livepeer_ai/utils/logger.py
  - src/livepeer_ai/utils/metadata.py
  - src/livepeer_ai/utils/queryparams.py
  - src/livepeer_ai/utils/requestbodies.py
  - src/livepeer_ai/utils/retries.py
  - src/livepeer_ai/utils/security.py
  - src/livepeer_ai/utils/serializers.py
  - src/livepeer_ai/utils/url.py
  - src/livepeer_ai/utils/values.py
examples:
  genTextToImage:
    speakeasy-default-gen-text-to-image:
      requestBody:
        application/json: {"prompt": "<value>"}
      responses:
        "200":
          application/json: {"images": []}
        "400":
          application/json: {"detail": {"msg": "<value>"}}
        "422": {}
  genImageToImage:
    speakeasy-default-gen-image-to-image:
      requestBody:
        multipart/form-data: {"prompt": "<value>", "image": {}}
      responses:
        "200":
          application/json: {"images": []}
        "400":
          application/json: {"detail": {"msg": "<value>"}}
        "422": {}
  genImageToVideo:
    speakeasy-default-gen-image-to-video:
      requestBody:
        multipart/form-data: {"image": {}}
      responses:
        "200":
          application/json: {"images": []}
        "400":
          application/json: {"detail": {"msg": "<value>"}}
        "422": {}
  genUpscale:
    speakeasy-default-gen-upscale:
      requestBody:
        multipart/form-data: {"prompt": "<value>", "image": {}}
      responses:
        "200":
          application/json: {"images": []}
        "400":
          application/json: {"detail": {"msg": "<value>"}}
        "422": {}
  genAudioToText:
    speakeasy-default-gen-audio-to-text:
      requestBody:
        multipart/form-data: {"audio": {}}
      responses:
        "200":
          application/json: {"text": "<value>", "chunks": []}
        "400":
          application/json: {"detail": {"msg": "<value>"}}
        "422": {}
  genSegmentAnything2:
    speakeasy-default-gen-segment-anything2:
      requestBody:
        multipart/form-data: {"image": {}}
      responses:
        "200":
          application/json: {"masks": "<value>", "scores": "<value>", "logits": "<value>"}
        "400":
          application/json: {"detail": {"msg": "<value>"}}
        "422": {}
  genLLM:
    speakeasy-default-gen-LLM:
      requestBody:
        application/x-www-form-urlencoded: {"prompt": "<value>"}
      responses:
        "200":
          application/json: {"response": "<value>", "tokens_used": 60712}
        "400":
          application/json: {"detail": {"msg": "<value>"}}
        "422": {}
  genImageToText:
    speakeasy-default-gen-image-to-text:
      requestBody:
        multipart/form-data: {"image": {}}
      responses:
        "200":
          application/json: {"text": "<value>"}
        "400":
          application/json: {"detail": {"msg": "<value>"}}
        "422": {}
  genLiveVideoToVideo:
    speakeasy-default-gen-live-video-to-video:
      requestBody:
        application/json: {"subscribe_url": "https://soulful-lava.org/", "publish_url": "https://vain-tabletop.biz"}
      responses:
        "200":
          application/json: {"subscribe_url": "https://vain-kiss.name", "publish_url": "https://frail-duffel.com"}
        "400":
          application/json: {"detail": {"msg": "<value>"}}
        "422": {}
  genTextToSpeech:
    speakeasy-default-gen-text-to-speech:
      responses:
        "200":
          application/json: {"audio": {"url": "https://accurate-parsnip.net/"}}
        "400":
          application/json: {"detail": {"msg": "<value>"}}
        "422": {}
generatedTests: {}
