speakeasyVersion: 1.398.0
sources:
    livepeer_ai-OAS:
        sourceNamespace: livepeer-ai-oas
        sourceRevisionDigest: sha256:6cbee14c0d5849a13bce5e04f5da315bd17a01097f99852cb551396cd64370c0
        sourceBlobDigest: sha256:c8ed257dd95d5b700b8b833207b03919f6ab0bf71aadba63615beb43761d0ea6
        tags:
            - latest
targets:
    livepeer-ai:
        source: livepeer_ai-OAS
        sourceNamespace: livepeer-ai-oas
        sourceRevisionDigest: sha256:7ac58682b776e03b6609bbca82499bca46176c857e7e1c1ccdc7f916edf3de02
        sourceBlobDigest: sha256:26199d9d483dcc00982af07497f482f7d056c167e9e3c39543fafd1efada287c
    livepeer-ai-python:
        source: livepeer_ai-OAS
        sourceNamespace: livepeer-ai-oas
        sourceRevisionDigest: sha256:6cbee14c0d5849a13bce5e04f5da315bd17a01097f99852cb551396cd64370c0
        sourceBlobDigest: sha256:c8ed257dd95d5b700b8b833207b03919f6ab0bf71aadba63615beb43761d0ea6
        codeSamplesNamespace: code-samples-python-livepeer-python
        codeSamplesRevisionDigest: sha256:182a64a7b21f4fc7f6124045bcf09be730b8b1b8c0695bde537facb43a6f3212
workflow:
    workflowVersion: 1.0.0
    speakeasyVersion: latest
    sources:
        livepeer_ai-OAS:
            inputs:
                - location: https://raw.githubusercontent.com/livepeer/ai-worker/main/runner/gateway.openapi.yaml
            registry:
                location: registry.speakeasyapi.dev/livepeer/livepeer-ai/livepeer-ai-oas
    targets:
        livepeer-ai-python:
            target: python
            source: livepeer_ai-OAS
            publish:
                pypi:
                    token: $pypi_token
            codeSamples:
                output: codeSamples.yaml
                registry:
                    location: registry.speakeasyapi.dev/livepeer/livepeer-ai/code-samples-python-livepeer-python
