speakeasyVersion: 1.398.1
sources:
    livepeer_ai-OAS:
        sourceNamespace: livepeer-ai-oas
        sourceRevisionDigest: sha256:65b2880282b9748f7450c017be40622980cec47ece001b5adcdd2ef13da9901c
        sourceBlobDigest: sha256:84962d1cdd2b3ec311a1e3de4848a560478cefda5b3038810a518281c8032152
        tags:
            - latest
            - main
targets:
    livepeer-ai:
        source: livepeer_ai-OAS
        sourceNamespace: livepeer-ai-oas
        sourceRevisionDigest: sha256:7ac58682b776e03b6609bbca82499bca46176c857e7e1c1ccdc7f916edf3de02
        sourceBlobDigest: sha256:26199d9d483dcc00982af07497f482f7d056c167e9e3c39543fafd1efada287c
    livepeer-ai-python:
        source: livepeer_ai-OAS
        sourceNamespace: livepeer-ai-oas
        sourceRevisionDigest: sha256:65b2880282b9748f7450c017be40622980cec47ece001b5adcdd2ef13da9901c
        sourceBlobDigest: sha256:84962d1cdd2b3ec311a1e3de4848a560478cefda5b3038810a518281c8032152
        codeSamplesNamespace: code-samples-python-livepeer-python
        codeSamplesRevisionDigest: sha256:657e148db616bc38f9edaf615036d7d145945eadb0dab228c71cd256227d0387
workflow:
    workflowVersion: 1.0.0
    speakeasyVersion: latest
    sources:
        livepeer_ai-OAS:
            inputs:
                - location: https://raw.githubusercontent.com/livepeer/ai-worker/main/runner/gateway.openapi.yaml
            registry:
                location: registry.speakeasyapi.dev/livepeer/livepeer-ai/livepeer-ai-oas
    targets:
        livepeer-ai-python:
            target: python
            source: livepeer_ai-OAS
            publish:
                pypi:
                    token: $pypi_token
            codeSamples:
                output: codeSamples.yaml
                registry:
                    location: registry.speakeasyapi.dev/livepeer/livepeer-ai/code-samples-python-livepeer-python
